
Microsoft Visual Studio Solution File, Format Version 12.00
# Visual Studio Version 16
VisualStudioVersion = 16.0.29728.190
MinimumVisualStudioVersion = 10.0.40219.1
Project("{FAE04EC0-301F-11D3-BF4B-00C04F79EFBC}") = "DNNpackager", "DNNpackager.csproj", "{408DD0E3-3CE4-451E-AA05-9F35BF940446}"
EndProject
Global
	GlobalSection(SolutionConfigurationPlatforms) = preSolution
		Debug|Any CPU = Debug|Any CPU
		Release|Any CPU = Release|Any CPU
	EndGlobalSection
	GlobalSection(ProjectConfigurationPlatforms) = postSolution
		{408DD0E3-3CE4-451E-AA05-9F35BF940446}.Debug|Any CPU.ActiveCfg = Debug|Any CPU
		{408DD0E3-3CE4-451E-AA05-9F35BF940446}.Debug|Any CPU.Build.0 = Debug|Any CPU
		{408DD0E3-3CE4-451E-AA05-9F35BF940446}.Release|Any CPU.ActiveCfg = Release|Any CPU
		{408DD0E3-3CE4-451E-AA05-9F35BF940446}.Release|Any CPU.Build.0 = Release|Any CPU
	EndGlobalSection
	GlobalSection(SolutionProperties) = preSolution
		HideSolutionNode = FALSE
	EndGlobalSection
	GlobalSection(ExtensibilityGlobals) = postSolution
		SolutionGuid = {17936484-9457-4F1A-B02F-BC40E7EF3A6F}
	EndGlobalSection
EndGlobal
