
Microsoft Visual Studio Solution File, Format Version 12.00
# Visual Studio Version 16
VisualStudioVersion = 16.0.29728.190
MinimumVisualStudioVersion = 10.0.40219.1
Project("{9A19103F-16F7-4668-BE54-9A1E7A4F7556}") = "DNNpackager", "DNNpackager.csproj", "{408DD0E3-3CE4-451E-AA05-9F35BF940446}"
EndProject
Project("{54435603-DBB4-11D2-8724-00A0C9A8B90C}") = "DNNpackagerInstall", "DNNpackagerInstall\DNNpackagerInstall.vdproj", "{0836E01B-6F3D-4AA6-BA8A-91FCA190F6C6}"
EndProject
Global
	GlobalSection(SolutionConfigurationPlatforms) = preSolution
		Debug|Any CPU = Debug|Any CPU
		Razor|Any CPU = Razor|Any CPU
		Release|Any CPU = Release|Any CPU
	EndGlobalSection
	GlobalSection(ProjectConfigurationPlatforms) = postSolution
		{408DD0E3-3CE4-451E-AA05-9F35BF940446}.Debug|Any CPU.ActiveCfg = Debug|Any CPU
		{408DD0E3-3CE4-451E-AA05-9F35BF940446}.Debug|Any CPU.Build.0 = Debug|Any CPU
		{408DD0E3-3CE4-451E-AA05-9F35BF940446}.Razor|Any CPU.ActiveCfg = Razor|Any CPU
		{408DD0E3-3CE4-451E-AA05-9F35BF940446}.Release|Any CPU.ActiveCfg = Release|Any CPU
		{408DD0E3-3CE4-451E-AA05-9F35BF940446}.Release|Any CPU.Build.0 = Release|Any CPU
		{0836E01B-6F3D-4AA6-BA8A-91FCA190F6C6}.Debug|Any CPU.ActiveCfg = Debug
		{0836E01B-6F3D-4AA6-BA8A-91FCA190F6C6}.Debug|Any CPU.Build.0 = Debug
		{0836E01B-6F3D-4AA6-BA8A-91FCA190F6C6}.Razor|Any CPU.ActiveCfg = Razor
		{0836E01B-6F3D-4AA6-BA8A-91FCA190F6C6}.Release|Any CPU.ActiveCfg = Release
		{0836E01B-6F3D-4AA6-BA8A-91FCA190F6C6}.Release|Any CPU.Build.0 = Release
	EndGlobalSection
	GlobalSection(SolutionProperties) = preSolution
		HideSolutionNode = FALSE
	EndGlobalSection
	GlobalSection(ExtensibilityGlobals) = postSolution
		SolutionGuid = {17936484-9457-4F1A-B02F-BC40E7EF3A6F}
	EndGlobalSection
EndGlobal
